
Microsoft Visual Studio Solution File, Format Version 12.00
# Visual Studio Version 17
VisualStudioVersion = 17.6.33829.357
MinimumVisualStudioVersion = 10.0.40219.1
Project("{8BC9CEB8-8B4A-11D0-8D11-00A0C91BC942}") = "HelloGL", "HelloGL\HelloGL.vcxproj", "{897BF7E7-CEB1-4A72-B1F6-B93C355AF03E}"
EndProject
Global
	GlobalSection(SolutionConfigurationPlatforms) = preSolution
		Debug|x64 = Debug|x64
		Debug|x86 = Debug|x86
		Release|x64 = Release|x64
		Release|x86 = Release|x86
	EndGlobalSection
	GlobalSection(ProjectConfigurationPlatforms) = postSolution
		{897BF7E7-CEB1-4A72-B1F6-B93C355AF03E}.Debug|x64.ActiveCfg = Debug|x64
		{897BF7E7-CEB1-4A72-B1F6-B93C355AF03E}.Debug|x64.Build.0 = Debug|x64
		{897BF7E7-CEB1-4A72-B1F6-B93C355AF03E}.Debug|x86.ActiveCfg = Debug|Win32
		{897BF7E7-CEB1-4A72-B1F6-B93C355AF03E}.Debug|x86.Build.0 = Debug|Win32
		{897BF7E7-CEB1-4A72-B1F6-B93C355AF03E}.Release|x64.ActiveCfg = Release|x64
		{897BF7E7-CEB1-4A72-B1F6-B93C355AF03E}.Release|x64.Build.0 = Release|x64
		{897BF7E7-CEB1-4A72-B1F6-B93C355AF03E}.Release|x86.ActiveCfg = Release|Win32
		{897BF7E7-CEB1-4A72-B1F6-B93C355AF03E}.Release|x86.Build.0 = Release|Win32
	EndGlobalSection
	GlobalSection(SolutionProperties) = preSolution
		HideSolutionNode = FALSE
	EndGlobalSection
	GlobalSection(ExtensibilityGlobals) = postSolution
		SolutionGuid = {7D69FEFE-0FFF-46A0-8940-8C41946F043A}
	EndGlobalSection
EndGlobal
